{
  "name": "@vwt-digital/ddmt-lib",
  "version": "0.0.1",
  "lockfileVersion": 1,
  "requires": true,
  "dependencies": {
    "ag-grid-angular": {
      "version": "23.2.0",
      "resolved": "https://registry.npmjs.org/ag-grid-angular/-/ag-grid-angular-23.2.0.tgz",
      "integrity": "sha512-SVypFoZVhZOOCbJK11CGzQNv2enpYjBad8IGcWvbIOvWTgBsxA4V4fWNzqVzQKzd90fcuEEJx1D3MFJ42c7HVA==",
      "requires": {
        "tslib": "^1.10.0"
      }
    },
    "ag-grid-community": {
      "version": "23.2.0",
      "resolved": "https://registry.npmjs.org/ag-grid-community/-/ag-grid-community-23.2.0.tgz",
      "integrity": "sha512-aG7Ghfu79HeqOCd50GhFSeZUX1Tw9BVUX1VKMuglkAcwYPTQjuYvYT7QVQB5FGzfFjcVq4a1QFfcgdoAcZYJIA=="
    },
    "ag-grid-enterprise": {
      "version": "23.2.0",
      "resolved": "https://registry.npmjs.org/ag-grid-enterprise/-/ag-grid-enterprise-23.2.0.tgz",
      "integrity": "sha512-gKuRdzGzcuyyiT4tF4ARZUw+qrsEclcfq1S52DjRGGKkpPnj+qPBpnIJWKZpH2eJxLv0G/4ZiCKGLWgXYvkOBQ=="
    },
    "tslib": {
      "version": "1.13.0",
      "resolved": "https://registry.npmjs.org/tslib/-/tslib-1.13.0.tgz",
      "integrity": "sha512-i/6DQjL8Xf3be4K/E6Wgpekn5Qasl1usyw++dAA35Ue5orEn65VIxOA+YvNNl9HV3qv70T7CNwjODHZrLwvd1Q=="
    }
  }
}
